{
  "name": "epilogue-Book-platform",
  "lockfileVersion": 2,
  "requires": true,
  "packages": {
    "": {
      "dependencies": {
        "@inotom/vue-go-top": "^1.3.0"
      }
    },
    "node_modules/@inotom/vue-go-top": {
      "version": "1.3.0",
      "resolved": "https://registry.npmjs.org/@inotom/vue-go-top/-/vue-go-top-1.3.0.tgz",
      "integrity": "sha512-h4oimYWh5Ao0BJfXViAesGRHglSDShtpEK3mPcGzuSltC2+nD745gWpcSM8jEfCvt17dxE5fa7Et9gwrIHL9EQ==",
      "dependencies": {
        "sweet-scroll": "4.0.0",
        "throttle-debounce": "2.1.0"
      }
    },
    "node_modules/sweet-scroll": {
      "version": "4.0.0",
      "resolved": "https://registry.npmjs.org/sweet-scroll/-/sweet-scroll-4.0.0.tgz",
      "integrity": "sha512-mR6fRsAQANtm3zpzhUE73KAOt2aT4ZsWzNSggiEsSqdO6Zh4gM7ioJG81EngrZEl0XAc3ZvzEfhxggOoEBc8jA=="
    },
    "node_modules/throttle-debounce": {
      "version": "2.1.0",
      "resolved": "https://registry.npmjs.org/throttle-debounce/-/throttle-debounce-2.1.0.tgz",
      "integrity": "sha512-AOvyNahXQuU7NN+VVvOOX+uW6FPaWdAOdRP5HfwYxAfCzXTFKRMoIMk+n+po318+ktcChx+F1Dd91G3YHeMKyg==",
      "engines": {
        "node": ">=8"
      }
    }
  },
  "dependencies": {
    "@inotom/vue-go-top": {
      "version": "1.3.0",
      "resolved": "https://registry.npmjs.org/@inotom/vue-go-top/-/vue-go-top-1.3.0.tgz",
      "integrity": "sha512-h4oimYWh5Ao0BJfXViAesGRHglSDShtpEK3mPcGzuSltC2+nD745gWpcSM8jEfCvt17dxE5fa7Et9gwrIHL9EQ==",
      "requires": {
        "sweet-scroll": "4.0.0",
        "throttle-debounce": "2.1.0"
      }
    },
    "sweet-scroll": {
      "version": "4.0.0",
      "resolved": "https://registry.npmjs.org/sweet-scroll/-/sweet-scroll-4.0.0.tgz",
      "integrity": "sha512-mR6fRsAQANtm3zpzhUE73KAOt2aT4ZsWzNSggiEsSqdO6Zh4gM7ioJG81EngrZEl0XAc3ZvzEfhxggOoEBc8jA=="
    },
    "throttle-debounce": {
      "version": "2.1.0",
      "resolved": "https://registry.npmjs.org/throttle-debounce/-/throttle-debounce-2.1.0.tgz",
      "integrity": "sha512-AOvyNahXQuU7NN+VVvOOX+uW6FPaWdAOdRP5HfwYxAfCzXTFKRMoIMk+n+po318+ktcChx+F1Dd91G3YHeMKyg=="
    }
  }
}
